// !$*UTF8*$!
{
	archiveVersion = 1;
	classes = {
	};
	objectVersion = 55;
	objects = {

/* Begin PBXBuildFile section */
		AE894F8328920CD800534218 /* ViewPresentableProtocol.swift in Sources */ = {isa = PBXBuildFile; fileRef = AE894F8228920CD800534218 /* ViewPresentableProtocol.swift */; };
		AE894F852892236E00534218 /* LottoViewController.swift in Sources */ = {isa = PBXBuildFile; fileRef = AE894F842892236E00534218 /* LottoViewController.swift */; };
		AE894F872892305500534218 /* TranslateViewController.swift in Sources */ = {isa = PBXBuildFile; fileRef = AE894F862892305500534218 /* TranslateViewController.swift */; };
		AE894F8928923AA000534218 /* WebViewController.swift in Sources */ = {isa = PBXBuildFile; fileRef = AE894F8828923AA000534218 /* WebViewController.swift */; };
		AE894F8B28935D4C00534218 /* LocationViewController.swift in Sources */ = {isa = PBXBuildFile; fileRef = AE894F8A28935D4C00534218 /* LocationViewController.swift */; };
		AE894F91289384D600534218 /* DalseoHealingMedium.otf in Resources */ = {isa = PBXBuildFile; fileRef = AE894F8E289384D600534218 /* DalseoHealingMedium.otf */; };
		AE894F92289384D600534218 /* DalseoHealingBold.otf in Resources */ = {isa = PBXBuildFile; fileRef = AE894F8F289384D600534218 /* DalseoHealingBold.otf */; };
		AE894F93289384D600534218 /* DalseoDarling.otf in Resources */ = {isa = PBXBuildFile; fileRef = AE894F90289384D600534218 /* DalseoDarling.otf */; };
		AE894F952897528200534218 /* ReusableViewProtocol.swift in Sources */ = {isa = PBXBuildFile; fileRef = AE894F942897528200534218 /* ReusableViewProtocol.swift */; };
		AE894F98289757A300534218 /* Constant.swift in Sources */ = {isa = PBXBuildFile; fileRef = AE894F97289757A300534218 /* Constant.swift */; };
		AE894F9A28975FAB00534218 /* UserDefaultsHelper.swift in Sources */ = {isa = PBXBuildFile; fileRef = AE894F9928975FAB00534218 /* UserDefaultsHelper.swift */; };
		AE894F9D28977CD400534218 /* Alamofire in Frameworks */ = {isa = PBXBuildFile; productRef = AE894F9C28977CD400534218 /* Alamofire */; };
		AE894FA028977D0000534218 /* SwiftyJSON in Frameworks */ = {isa = PBXBuildFile; productRef = AE894F9F28977D0000534218 /* SwiftyJSON */; };
		AE894FA22897AA7E00534218 /* RecommendBeerViewController.swift in Sources */ = {isa = PBXBuildFile; fileRef = AE894FA12897AA7D00534218 /* RecommendBeerViewController.swift */; };
		AE894FA52897AAB400534218 /* RecommendBeer.storyboard in Resources */ = {isa = PBXBuildFile; fileRef = AE894FA42897AAB400534218 /* RecommendBeer.storyboard */; };
		AE894FA82897FB9100534218 /* Kingfisher in Frameworks */ = {isa = PBXBuildFile; productRef = AE894FA72897FB9100534218 /* Kingfisher */; };
		AEC5A8BF2890DD8700F080B3 /* AppDelegate.swift in Sources */ = {isa = PBXBuildFile; fileRef = AEC5A8BE2890DD8700F080B3 /* AppDelegate.swift */; };
		AEC5A8C12890DD8700F080B3 /* SceneDelegate.swift in Sources */ = {isa = PBXBuildFile; fileRef = AEC5A8C02890DD8700F080B3 /* SceneDelegate.swift */; };
		AEC5A8C32890DD8700F080B3 /* ViewController.swift in Sources */ = {isa = PBXBuildFile; fileRef = AEC5A8C22890DD8700F080B3 /* ViewController.swift */; };
		AEC5A8C62890DD8700F080B3 /* Main.storyboard in Resources */ = {isa = PBXBuildFile; fileRef = AEC5A8C42890DD8700F080B3 /* Main.storyboard */; };
		AEC5A8C92890DD8700F080B3 /* NetworkBasic.xcdatamodeld in Sources */ = {isa = PBXBuildFile; fileRef = AEC5A8C72890DD8700F080B3 /* NetworkBasic.xcdatamodeld */; };
		AEC5A8CB2890DD8900F080B3 /* Assets.xcassets in Resources */ = {isa = PBXBuildFile; fileRef = AEC5A8CA2890DD8900F080B3 /* Assets.xcassets */; };
		AEC5A8CE2890DD8900F080B3 /* LaunchScreen.storyboard in Resources */ = {isa = PBXBuildFile; fileRef = AEC5A8CC2890DD8900F080B3 /* LaunchScreen.storyboard */; };
		AEC5A8D62890E1FC00F080B3 /* SearchViewController.swift in Sources */ = {isa = PBXBuildFile; fileRef = AEC5A8D52890E1FC00F080B3 /* SearchViewController.swift */; };
		AEC5A8D92890E4D400F080B3 /* ListTableViewCell.swift in Sources */ = {isa = PBXBuildFile; fileRef = AEC5A8D72890E4D400F080B3 /* ListTableViewCell.swift */; };
		AEC5A8DA2890E4D400F080B3 /* ListTableViewCell.xib in Resources */ = {isa = PBXBuildFile; fileRef = AEC5A8D82890E4D400F080B3 /* ListTableViewCell.xib */; };
/* End PBXBuildFile section */

/* Begin PBXFileReference section */
		AE894F8228920CD800534218 /* ViewPresentableProtocol.swift */ = {isa = PBXFileReference; lastKnownFileType = sourcecode.swift; path = ViewPresentableProtocol.swift; sourceTree = "<group>"; };
		AE894F842892236E00534218 /* LottoViewController.swift */ = {isa = PBXFileReference; lastKnownFileType = sourcecode.swift; path = LottoViewController.swift; sourceTree = "<group>"; };
		AE894F862892305500534218 /* TranslateViewController.swift */ = {isa = PBXFileReference; lastKnownFileType = sourcecode.swift; path = TranslateViewController.swift; sourceTree = "<group>"; };
		AE894F8828923AA000534218 /* WebViewController.swift */ = {isa = PBXFileReference; lastKnownFileType = sourcecode.swift; path = WebViewController.swift; sourceTree = "<group>"; };
		AE894F8A28935D4C00534218 /* LocationViewController.swift */ = {isa = PBXFileReference; lastKnownFileType = sourcecode.swift; path = LocationViewController.swift; sourceTree = "<group>"; };
		AE894F8E289384D600534218 /* DalseoHealingMedium.otf */ = {isa = PBXFileReference; lastKnownFileType = file; path = DalseoHealingMedium.otf; sourceTree = "<group>"; };
		AE894F8F289384D600534218 /* DalseoHealingBold.otf */ = {isa = PBXFileReference; lastKnownFileType = file; path = DalseoHealingBold.otf; sourceTree = "<group>"; };
		AE894F90289384D600534218 /* DalseoDarling.otf */ = {isa = PBXFileReference; lastKnownFileType = file; path = DalseoDarling.otf; sourceTree = "<group>"; };
		AE894F942897528200534218 /* ReusableViewProtocol.swift */ = {isa = PBXFileReference; lastKnownFileType = sourcecode.swift; path = ReusableViewProtocol.swift; sourceTree = "<group>"; };
		AE894F97289757A300534218 /* Constant.swift */ = {isa = PBXFileReference; lastKnownFileType = sourcecode.swift; path = Constant.swift; sourceTree = "<group>"; };
		AE894F9928975FAB00534218 /* UserDefaultsHelper.swift */ = {isa = PBXFileReference; lastKnownFileType = sourcecode.swift; path = UserDefaultsHelper.swift; sourceTree = "<group>"; };
		AE894FA12897AA7D00534218 /* RecommendBeerViewController.swift */ = {isa = PBXFileReference; lastKnownFileType = sourcecode.swift; path = RecommendBeerViewController.swift; sourceTree = "<group>"; };
		AE894FA42897AAB400534218 /* RecommendBeer.storyboard */ = {isa = PBXFileReference; lastKnownFileType = file.storyboard; path = RecommendBeer.storyboard; sourceTree = "<group>"; };
		AEC5A8BB2890DD8700F080B3 /* NetworkBasic.app */ = {isa = PBXFileReference; explicitFileType = wrapper.application; includeInIndex = 0; path = NetworkBasic.app; sourceTree = BUILT_PRODUCTS_DIR; };
		AEC5A8BE2890DD8700F080B3 /* AppDelegate.swift */ = {isa = PBXFileReference; lastKnownFileType = sourcecode.swift; path = AppDelegate.swift; sourceTree = "<group>"; };
		AEC5A8C02890DD8700F080B3 /* SceneDelegate.swift */ = {isa = PBXFileReference; lastKnownFileType = sourcecode.swift; path = SceneDelegate.swift; sourceTree = "<group>"; };
		AEC5A8C22890DD8700F080B3 /* ViewController.swift */ = {isa = PBXFileReference; lastKnownFileType = sourcecode.swift; path = ViewController.swift; sourceTree = "<group>"; };
		AEC5A8C52890DD8700F080B3 /* Base */ = {isa = PBXFileReference; lastKnownFileType = file.storyboard; name = Base; path = Base.lproj/Main.storyboard; sourceTree = "<group>"; };
		AEC5A8C82890DD8700F080B3 /* NetworkBasic.xcdatamodel */ = {isa = PBXFileReference; lastKnownFileType = wrapper.xcdatamodel; path = NetworkBasic.xcdatamodel; sourceTree = "<group>"; };
		AEC5A8CA2890DD8900F080B3 /* Assets.xcassets */ = {isa = PBXFileReference; lastKnownFileType = folder.assetcatalog; path = Assets.xcassets; sourceTree = "<group>"; };
		AEC5A8CD2890DD8900F080B3 /* Base */ = {isa = PBXFileReference; lastKnownFileType = file.storyboard; name = Base; path = Base.lproj/LaunchScreen.storyboard; sourceTree = "<group>"; };
		AEC5A8CF2890DD8900F080B3 /* Info.plist */ = {isa = PBXFileReference; lastKnownFileType = text.plist.xml; path = Info.plist; sourceTree = "<group>"; };
		AEC5A8D52890E1FC00F080B3 /* SearchViewController.swift */ = {isa = PBXFileReference; lastKnownFileType = sourcecode.swift; path = SearchViewController.swift; sourceTree = "<group>"; };
		AEC5A8D72890E4D400F080B3 /* ListTableViewCell.swift */ = {isa = PBXFileReference; lastKnownFileType = sourcecode.swift; path = ListTableViewCell.swift; sourceTree = "<group>"; };
		AEC5A8D82890E4D400F080B3 /* ListTableViewCell.xib */ = {isa = PBXFileReference; lastKnownFileType = file.xib; path = ListTableViewCell.xib; sourceTree = "<group>"; };
/* End PBXFileReference section */

/* Begin PBXFrameworksBuildPhase section */
		AEC5A8B82890DD8700F080B3 /* Frameworks */ = {
			isa = PBXFrameworksBuildPhase;
			buildActionMask = 2147483647;
			files = (
				AE894FA82897FB9100534218 /* Kingfisher in Frameworks */,
				AE894FA028977D0000534218 /* SwiftyJSON in Frameworks */,
				AE894F9D28977CD400534218 /* Alamofire in Frameworks */,
			);
			runOnlyForDeploymentPostprocessing = 0;
		};
/* End PBXFrameworksBuildPhase section */

/* Begin PBXGroup section */
		AE894F8128920CA600534218 /* Protocol */ = {
			isa = PBXGroup;
			children = (
				AE894F8228920CD800534218 /* ViewPresentableProtocol.swift */,
				AE894F942897528200534218 /* ReusableViewProtocol.swift */,
			);
			path = Protocol;
			sourceTree = "<group>";
		};
		AE894F8C289383FD00534218 /* FontResource */ = {
			isa = PBXGroup;
			children = (
				AE894F8D289384D600534218 /* font_otf */,
			);
			path = FontResource;
			sourceTree = "<group>";
		};
		AE894F8D289384D600534218 /* font_otf */ = {
			isa = PBXGroup;
			children = (
				AE894F8E289384D600534218 /* DalseoHealingMedium.otf */,
				AE894F8F289384D600534218 /* DalseoHealingBold.otf */,
				AE894F90289384D600534218 /* DalseoDarling.otf */,
			);
			path = font_otf;
			sourceTree = "<group>";
		};
		AE894F962897577C00534218 /* Constant */ = {
			isa = PBXGroup;
			children = (
				AE894F97289757A300534218 /* Constant.swift */,
				AE894F9928975FAB00534218 /* UserDefaultsHelper.swift */,
			);
			path = Constant;
			sourceTree = "<group>";
		};
		AE894FA32897AA8200534218 /* RecommendBeer */ = {
			isa = PBXGroup;
			children = (
				AE894FA12897AA7D00534218 /* RecommendBeerViewController.swift */,
				AE894FA42897AAB400534218 /* RecommendBeer.storyboard */,
			);
			path = RecommendBeer;
			sourceTree = "<group>";
		};
		AEC5A8B22890DD8600F080B3 = {
			isa = PBXGroup;
			children = (
				AEC5A8BD2890DD8700F080B3 /* NetworkBasic */,
				AEC5A8BC2890DD8700F080B3 /* Products */,
			);
			sourceTree = "<group>";
		};
		AEC5A8BC2890DD8700F080B3 /* Products */ = {
			isa = PBXGroup;
			children = (
				AEC5A8BB2890DD8700F080B3 /* NetworkBasic.app */,
			);
			name = Products;
			sourceTree = "<group>";
		};
		AEC5A8BD2890DD8700F080B3 /* NetworkBasic */ = {
			isa = PBXGroup;
			children = (
				AE894FA32897AA8200534218 /* RecommendBeer */,
				AE894F962897577C00534218 /* Constant */,
				AE894F8C289383FD00534218 /* FontResource */,
				AE894F8128920CA600534218 /* Protocol */,
				AEC5A8BE2890DD8700F080B3 /* AppDelegate.swift */,
				AEC5A8C02890DD8700F080B3 /* SceneDelegate.swift */,
				AEC5A8C22890DD8700F080B3 /* ViewController.swift */,
				AEC5A8C42890DD8700F080B3 /* Main.storyboard */,
				AE894F8A28935D4C00534218 /* LocationViewController.swift */,
				AE894F8828923AA000534218 /* WebViewController.swift */,
				AE894F862892305500534218 /* TranslateViewController.swift */,
				AE894F842892236E00534218 /* LottoViewController.swift */,
				AEC5A8D72890E4D400F080B3 /* ListTableViewCell.swift */,
				AEC5A8D82890E4D400F080B3 /* ListTableViewCell.xib */,
				AEC5A8D52890E1FC00F080B3 /* SearchViewController.swift */,
				AEC5A8CA2890DD8900F080B3 /* Assets.xcassets */,
				AEC5A8CC2890DD8900F080B3 /* LaunchScreen.storyboard */,
				AEC5A8CF2890DD8900F080B3 /* Info.plist */,
				AEC5A8C72890DD8700F080B3 /* NetworkBasic.xcdatamodeld */,
			);
			path = NetworkBasic;
			sourceTree = "<group>";
		};
/* End PBXGroup section */

/* Begin PBXNativeTarget section */
		AEC5A8BA2890DD8700F080B3 /* NetworkBasic */ = {
			isa = PBXNativeTarget;
			buildConfigurationList = AEC5A8D22890DD8900F080B3 /* Build configuration list for PBXNativeTarget "NetworkBasic" */;
			buildPhases = (
				AEC5A8B72890DD8700F080B3 /* Sources */,
				AEC5A8B82890DD8700F080B3 /* Frameworks */,
				AEC5A8B92890DD8700F080B3 /* Resources */,
			);
			buildRules = (
			);
			dependencies = (
			);
			name = NetworkBasic;
			packageProductDependencies = (
				AE894F9C28977CD400534218 /* Alamofire */,
				AE894F9F28977D0000534218 /* SwiftyJSON */,
				AE894FA72897FB9100534218 /* Kingfisher */,
			);
			productName = NetworkBasic;
			productReference = AEC5A8BB2890DD8700F080B3 /* NetworkBasic.app */;
			productType = "com.apple.product-type.application";
		};
/* End PBXNativeTarget section */

/* Begin PBXProject section */
		AEC5A8B32890DD8600F080B3 /* Project object */ = {
			isa = PBXProject;
			attributes = {
				BuildIndependentTargetsInParallel = 1;
				LastSwiftUpdateCheck = 1340;
				LastUpgradeCheck = 1340;
				TargetAttributes = {
					AEC5A8BA2890DD8700F080B3 = {
						CreatedOnToolsVersion = 13.4.1;
					};
				};
			};
			buildConfigurationList = AEC5A8B62890DD8600F080B3 /* Build configuration list for PBXProject "NetworkBasic" */;
			compatibilityVersion = "Xcode 13.0";
			developmentRegion = en;
			hasScannedForEncodings = 0;
			knownRegions = (
				en,
				Base,
			);
			mainGroup = AEC5A8B22890DD8600F080B3;
			packageReferences = (
				AE894F9B28977CD400534218 /* XCRemoteSwiftPackageReference "Alamofire" */,
				AE894F9E28977D0000534218 /* XCRemoteSwiftPackageReference "SwiftyJSON" */,
				AE894FA62897FB9100534218 /* XCRemoteSwiftPackageReference "Kingfisher" */,
			);
			productRefGroup = AEC5A8BC2890DD8700F080B3 /* Products */;
			projectDirPath = "";
			projectRoot = "";
			targets = (
				AEC5A8BA2890DD8700F080B3 /* NetworkBasic */,
			);
		};
/* End PBXProject section */

/* Begin PBXResourcesBuildPhase section */
		AEC5A8B92890DD8700F080B3 /* Resources */ = {
			isa = PBXResourcesBuildPhase;
			buildActionMask = 2147483647;
			files = (
				AEC5A8CE2890DD8900F080B3 /* LaunchScreen.storyboard in Resources */,
				AE894F92289384D600534218 /* DalseoHealingBold.otf in Resources */,
				AE894F93289384D600534218 /* DalseoDarling.otf in Resources */,
				AE894F91289384D600534218 /* DalseoHealingMedium.otf in Resources */,
				AEC5A8DA2890E4D400F080B3 /* ListTableViewCell.xib in Resources */,
				AEC5A8CB2890DD8900F080B3 /* Assets.xcassets in Resources */,
				AEC5A8C62890DD8700F080B3 /* Main.storyboard in Resources */,
				AE894FA52897AAB400534218 /* RecommendBeer.storyboard in Resources */,
			);
			runOnlyForDeploymentPostprocessing = 0;
		};
/* End PBXResourcesBuildPhase section */

/* Begin PBXSourcesBuildPhase section */
		AEC5A8B72890DD8700F080B3 /* Sources */ = {
			isa = PBXSourcesBuildPhase;
			buildActionMask = 2147483647;
			files = (
				AE894F9A28975FAB00534218 /* UserDefaultsHelper.swift in Sources */,
				AEC5A8D62890E1FC00F080B3 /* SearchViewController.swift in Sources */,
				AEC5A8C32890DD8700F080B3 /* ViewController.swift in Sources */,
				AE894F8328920CD800534218 /* ViewPresentableProtocol.swift in Sources */,
				AE894F8928923AA000534218 /* WebViewController.swift in Sources */,
				AEC5A8C92890DD8700F080B3 /* NetworkBasic.xcdatamodeld in Sources */,
				AE894F952897528200534218 /* ReusableViewProtocol.swift in Sources */,
				AE894F8B28935D4C00534218 /* LocationViewController.swift in Sources */,
				AEC5A8BF2890DD8700F080B3 /* AppDelegate.swift in Sources */,
				AE894F872892305500534218 /* TranslateViewController.swift in Sources */,
				AE894F98289757A300534218 /* Constant.swift in Sources */,
				AE894F852892236E00534218 /* LottoViewController.swift in Sources */,
				AE894FA22897AA7E00534218 /* RecommendBeerViewController.swift in Sources */,
				AEC5A8C12890DD8700F080B3 /* SceneDelegate.swift in Sources */,
				AEC5A8D92890E4D400F080B3 /* ListTableViewCell.swift in Sources */,
			);
			runOnlyForDeploymentPostprocessing = 0;
		};
/* End PBXSourcesBuildPhase section */

/* Begin PBXVariantGroup section */
		AEC5A8C42890DD8700F080B3 /* Main.storyboard */ = {
			isa = PBXVariantGroup;
			children = (
				AEC5A8C52890DD8700F080B3 /* Base */,
			);
			name = Main.storyboard;
			sourceTree = "<group>";
		};
		AEC5A8CC2890DD8900F080B3 /* LaunchScreen.storyboard */ = {
			isa = PBXVariantGroup;
			children = (
				AEC5A8CD2890DD8900F080B3 /* Base */,
			);
			name = LaunchScreen.storyboard;
			sourceTree = "<group>";
		};
/* End PBXVariantGroup section */

/* Begin XCBuildConfiguration section */
		AEC5A8D02890DD8900F080B3 /* Debug */ = {
			isa = XCBuildConfiguration;
			buildSettings = {
				ALWAYS_SEARCH_USER_PATHS = NO;
				CLANG_ANALYZER_NONNULL = YES;
				CLANG_ANALYZER_NUMBER_OBJECT_CONVERSION = YES_AGGRESSIVE;
				CLANG_CXX_LANGUAGE_STANDARD = "gnu++17";
				CLANG_ENABLE_MODULES = YES;
				CLANG_ENABLE_OBJC_ARC = YES;
				CLANG_ENABLE_OBJC_WEAK = YES;
				CLANG_WARN_BLOCK_CAPTURE_AUTORELEASING = YES;
				CLANG_WARN_BOOL_CONVERSION = YES;
				CLANG_WARN_COMMA = YES;
				CLANG_WARN_CONSTANT_CONVERSION = YES;
				CLANG_WARN_DEPRECATED_OBJC_IMPLEMENTATIONS = YES;
				CLANG_WARN_DIRECT_OBJC_ISA_USAGE = YES_ERROR;
				CLANG_WARN_DOCUMENTATION_COMMENTS = YES;
				CLANG_WARN_EMPTY_BODY = YES;
				CLANG_WARN_ENUM_CONVERSION = YES;
				CLANG_WARN_INFINITE_RECURSION = YES;
				CLANG_WARN_INT_CONVERSION = YES;
				CLANG_WARN_NON_LITERAL_NULL_CONVERSION = YES;
				CLANG_WARN_OBJC_IMPLICIT_RETAIN_SELF = YES;
				CLANG_WARN_OBJC_LITERAL_CONVERSION = YES;
				CLANG_WARN_OBJC_ROOT_CLASS = YES_ERROR;
				CLANG_WARN_QUOTED_INCLUDE_IN_FRAMEWORK_HEADER = YES;
				CLANG_WARN_RANGE_LOOP_ANALYSIS = YES;
				CLANG_WARN_STRICT_PROTOTYPES = YES;
				CLANG_WARN_SUSPICIOUS_MOVE = YES;
				CLANG_WARN_UNGUARDED_AVAILABILITY = YES_AGGRESSIVE;
				CLANG_WARN_UNREACHABLE_CODE = YES;
				CLANG_WARN__DUPLICATE_METHOD_MATCH = YES;
				COPY_PHASE_STRIP = NO;
				DEBUG_INFORMATION_FORMAT = dwarf;
				ENABLE_STRICT_OBJC_MSGSEND = YES;
				ENABLE_TESTABILITY = YES;
				GCC_C_LANGUAGE_STANDARD = gnu11;
				GCC_DYNAMIC_NO_PIC = NO;
				GCC_NO_COMMON_BLOCKS = YES;
				GCC_OPTIMIZATION_LEVEL = 0;
				GCC_PREPROCESSOR_DEFINITIONS = (
					"DEBUG=1",
					"$(inherited)",
				);
				GCC_WARN_64_TO_32_BIT_CONVERSION = YES;
				GCC_WARN_ABOUT_RETURN_TYPE = YES_ERROR;
				GCC_WARN_UNDECLARED_SELECTOR = YES;
				GCC_WARN_UNINITIALIZED_AUTOS = YES_AGGRESSIVE;
				GCC_WARN_UNUSED_FUNCTION = YES;
				GCC_WARN_UNUSED_VARIABLE = YES;
				IPHONEOS_DEPLOYMENT_TARGET = 15.5;
				MTL_ENABLE_DEBUG_INFO = INCLUDE_SOURCE;
				MTL_FAST_MATH = YES;
				ONLY_ACTIVE_ARCH = YES;
				SDKROOT = iphoneos;
				SWIFT_ACTIVE_COMPILATION_CONDITIONS = DEBUG;
				SWIFT_OPTIMIZATION_LEVEL = "-Onone";
			};
			name = Debug;
		};
		AEC5A8D12890DD8900F080B3 /* Release */ = {
			isa = XCBuildConfiguration;
			buildSettings = {
				ALWAYS_SEARCH_USER_PATHS = NO;
				CLANG_ANALYZER_NONNULL = YES;
				CLANG_ANALYZER_NUMBER_OBJECT_CONVERSION = YES_AGGRESSIVE;
				CLANG_CXX_LANGUAGE_STANDARD = "gnu++17";
				CLANG_ENABLE_MODULES = YES;
				CLANG_ENABLE_OBJC_ARC = YES;
				CLANG_ENABLE_OBJC_WEAK = YES;
				CLANG_WARN_BLOCK_CAPTURE_AUTORELEASING = YES;
				CLANG_WARN_BOOL_CONVERSION = YES;
				CLANG_WARN_COMMA = YES;
				CLANG_WARN_CONSTANT_CONVERSION = YES;
				CLANG_WARN_DEPRECATED_OBJC_IMPLEMENTATIONS = YES;
				CLANG_WARN_DIRECT_OBJC_ISA_USAGE = YES_ERROR;
				CLANG_WARN_DOCUMENTATION_COMMENTS = YES;
				CLANG_WARN_EMPTY_BODY = YES;
				CLANG_WARN_ENUM_CONVERSION = YES;
				CLANG_WARN_INFINITE_RECURSION = YES;
				CLANG_WARN_INT_CONVERSION = YES;
				CLANG_WARN_NON_LITERAL_NULL_CONVERSION = YES;
				CLANG_WARN_OBJC_IMPLICIT_RETAIN_SELF = YES;
				CLANG_WARN_OBJC_LITERAL_CONVERSION = YES;
				CLANG_WARN_OBJC_ROOT_CLASS = YES_ERROR;
				CLANG_WARN_QUOTED_INCLUDE_IN_FRAMEWORK_HEADER = YES;
				CLANG_WARN_RANGE_LOOP_ANALYSIS = YES;
				CLANG_WARN_STRICT_PROTOTYPES = YES;
				CLANG_WARN_SUSPICIOUS_MOVE = YES;
				CLANG_WARN_UNGUARDED_AVAILABILITY = YES_AGGRESSIVE;
				CLANG_WARN_UNREACHABLE_CODE = YES;
				CLANG_WARN__DUPLICATE_METHOD_MATCH = YES;
				COPY_PHASE_STRIP = NO;
				DEBUG_INFORMATION_FORMAT = "dwarf-with-dsym";
				ENABLE_NS_ASSERTIONS = NO;
				ENABLE_STRICT_OBJC_MSGSEND = YES;
				GCC_C_LANGUAGE_STANDARD = gnu11;
				GCC_NO_COMMON_BLOCKS = YES;
				GCC_WARN_64_TO_32_BIT_CONVERSION = YES;
				GCC_WARN_ABOUT_RETURN_TYPE = YES_ERROR;
				GCC_WARN_UNDECLARED_SELECTOR = YES;
				GCC_WARN_UNINITIALIZED_AUTOS = YES_AGGRESSIVE;
				GCC_WARN_UNUSED_FUNCTION = YES;
				GCC_WARN_UNUSED_VARIABLE = YES;
				IPHONEOS_DEPLOYMENT_TARGET = 15.5;
				MTL_ENABLE_DEBUG_INFO = NO;
				MTL_FAST_MATH = YES;
				SDKROOT = iphoneos;
				SWIFT_COMPILATION_MODE = wholemodule;
				SWIFT_OPTIMIZATION_LEVEL = "-O";
				VALIDATE_PRODUCT = YES;
			};
			name = Release;
		};
		AEC5A8D32890DD8900F080B3 /* Debug */ = {
			isa = XCBuildConfiguration;
			buildSettings = {
				ASSETCATALOG_COMPILER_APPICON_NAME = AppIcon;
				ASSETCATALOG_COMPILER_GLOBAL_ACCENT_COLOR_NAME = AccentColor;
				CODE_SIGN_STYLE = Automatic;
				CURRENT_PROJECT_VERSION = 1;
				DEVELOPMENT_TEAM = B2VD6SF7B9;
				GENERATE_INFOPLIST_FILE = YES;
				INFOPLIST_FILE = NetworkBasic/Info.plist;
				INFOPLIST_KEY_UIApplicationSupportsIndirectInputEvents = YES;
				INFOPLIST_KEY_UILaunchStoryboardName = LaunchScreen;
				INFOPLIST_KEY_UIMainStoryboardFile = Main;
				INFOPLIST_KEY_UISupportedInterfaceOrientations = "UIInterfaceOrientationPortrait UIInterfaceOrientationLandscapeLeft UIInterfaceOrientationLandscapeRight";
				INFOPLIST_KEY_UISupportedInterfaceOrientations_iPad = "UIInterfaceOrientationPortrait UIInterfaceOrientationPortraitUpsideDown UIInterfaceOrientationLandscapeLeft UIInterfaceOrientationLandscapeRight";
				INFOPLIST_KEY_UISupportedInterfaceOrientations_iPhone = "UIInterfaceOrientationPortrait UIInterfaceOrientationLandscapeLeft UIInterfaceOrientationLandscapeRight";
				LD_RUNPATH_SEARCH_PATHS = (
					"$(inherited)",
					"@executable_path/Frameworks",
				);
				MARKETING_VERSION = 1.0;
				PRODUCT_BUNDLE_IDENTIFIER = yeojin.SeSAC.NetworkBasic;
				PRODUCT_NAME = "$(TARGET_NAME)";
				SWIFT_EMIT_LOC_STRINGS = YES;
				SWIFT_VERSION = 5.0;
				TARGETED_DEVICE_FAMILY = 1;
			};
			name = Debug;
		};
		AEC5A8D42890DD8900F080B3 /* Release */ = {
			isa = XCBuildConfiguration;
			buildSettings = {
				ASSETCATALOG_COMPILER_APPICON_NAME = AppIcon;
				ASSETCATALOG_COMPILER_GLOBAL_ACCENT_COLOR_NAME = AccentColor;
				CODE_SIGN_STYLE = Automatic;
				CURRENT_PROJECT_VERSION = 1;
				DEVELOPMENT_TEAM = B2VD6SF7B9;
				GENERATE_INFOPLIST_FILE = YES;
				INFOPLIST_FILE = NetworkBasic/Info.plist;
				INFOPLIST_KEY_UIApplicationSupportsIndirectInputEvents = YES;
				INFOPLIST_KEY_UILaunchStoryboardName = LaunchScreen;
				INFOPLIST_KEY_UIMainStoryboardFile = Main;
				INFOPLIST_KEY_UISupportedInterfaceOrientations = "UIInterfaceOrientationPortrait UIInterfaceOrientationLandscapeLeft UIInterfaceOrientationLandscapeRight";
				INFOPLIST_KEY_UISupportedInterfaceOrientations_iPad = "UIInterfaceOrientationPortrait UIInterfaceOrientationPortraitUpsideDown UIInterfaceOrientationLandscapeLeft UIInterfaceOrientationLandscapeRight";
				INFOPLIST_KEY_UISupportedInterfaceOrientations_iPhone = "UIInterfaceOrientationPortrait UIInterfaceOrientationLandscapeLeft UIInterfaceOrientationLandscapeRight";
				LD_RUNPATH_SEARCH_PATHS = (
					"$(inherited)",
					"@executable_path/Frameworks",
				);
				MARKETING_VERSION = 1.0;
				PRODUCT_BUNDLE_IDENTIFIER = yeojin.SeSAC.NetworkBasic;
				PRODUCT_NAME = "$(TARGET_NAME)";
				SWIFT_EMIT_LOC_STRINGS = YES;
				SWIFT_VERSION = 5.0;
				TARGETED_DEVICE_FAMILY = 1;
			};
			name = Release;
		};
/* End XCBuildConfiguration section */

/* Begin XCConfigurationList section */
		AEC5A8B62890DD8600F080B3 /* Build configuration list for PBXProject "NetworkBasic" */ = {
			isa = XCConfigurationList;
			buildConfigurations = (
				AEC5A8D02890DD8900F080B3 /* Debug */,
				AEC5A8D12890DD8900F080B3 /* Release */,
			);
			defaultConfigurationIsVisible = 0;
			defaultConfigurationName = Release;
		};
		AEC5A8D22890DD8900F080B3 /* Build configuration list for PBXNativeTarget "NetworkBasic" */ = {
			isa = XCConfigurationList;
			buildConfigurations = (
				AEC5A8D32890DD8900F080B3 /* Debug */,
				AEC5A8D42890DD8900F080B3 /* Release */,
			);
			defaultConfigurationIsVisible = 0;
			defaultConfigurationName = Release;
		};
/* End XCConfigurationList section */

/* Begin XCRemoteSwiftPackageReference section */
		AE894F9B28977CD400534218 /* XCRemoteSwiftPackageReference "Alamofire" */ = {
			isa = XCRemoteSwiftPackageReference;
			repositoryURL = "https://github.com/Alamofire/Alamofire.git";
			requirement = {
				kind = upToNextMajorVersion;
				minimumVersion = 5.0.0;
			};
		};
		AE894F9E28977D0000534218 /* XCRemoteSwiftPackageReference "SwiftyJSON" */ = {
			isa = XCRemoteSwiftPackageReference;
			repositoryURL = "https://github.com/SwiftyJSON/SwiftyJSON.git";
			requirement = {
				kind = upToNextMajorVersion;
				minimumVersion = 5.0.0;
			};
		};
		AE894FA62897FB9100534218 /* XCRemoteSwiftPackageReference "Kingfisher" */ = {
			isa = XCRemoteSwiftPackageReference;
			repositoryURL = "https://github.com/onevcat/Kingfisher.git";
			requirement = {
				kind = upToNextMajorVersion;
				minimumVersion = 7.0.0;
			};
		};
/* End XCRemoteSwiftPackageReference section */

/* Begin XCSwiftPackageProductDependency section */
		AE894F9C28977CD400534218 /* Alamofire */ = {
			isa = XCSwiftPackageProductDependency;
			package = AE894F9B28977CD400534218 /* XCRemoteSwiftPackageReference "Alamofire" */;
			productName = Alamofire;
		};
		AE894F9F28977D0000534218 /* SwiftyJSON */ = {
			isa = XCSwiftPackageProductDependency;
			package = AE894F9E28977D0000534218 /* XCRemoteSwiftPackageReference "SwiftyJSON" */;
			productName = SwiftyJSON;
		};
		AE894FA72897FB9100534218 /* Kingfisher */ = {
			isa = XCSwiftPackageProductDependency;
			package = AE894FA62897FB9100534218 /* XCRemoteSwiftPackageReference "Kingfisher" */;
			productName = Kingfisher;
		};
/* End XCSwiftPackageProductDependency section */

/* Begin XCVersionGroup section */
		AEC5A8C72890DD8700F080B3 /* NetworkBasic.xcdatamodeld */ = {
			isa = XCVersionGroup;
			children = (
				AEC5A8C82890DD8700F080B3 /* NetworkBasic.xcdatamodel */,
			);
			currentVersion = AEC5A8C82890DD8700F080B3 /* NetworkBasic.xcdatamodel */;
			path = NetworkBasic.xcdatamodeld;
			sourceTree = "<group>";
			versionGroupType = wrapper.xcdatamodel;
		};
/* End XCVersionGroup section */
	};
	rootObject = AEC5A8B32890DD8600F080B3 /* Project object */;
}
